
Microsoft Visual Studio Solution File, Format Version 12.00
# Visual Studio 15
VisualStudioVersion = 15.0.28307.572
MinimumVisualStudioVersion = 10.0.40219.1
Project("{FAE04EC0-301F-11D3-BF4B-00C04F79EFBC}") = "ConsoleApp", "ConsoleApp\ConsoleApp.csproj", "{10D15DE4-7AAB-466B-9B3E-42FD86214292}"
EndProject
Project("{2150E333-8FDC-42A3-9474-1A3956D46DE8}") = "RecipeApp", "RecipeApp", "{3432223B-965A-4DBA-B99D-770FE0F5E210}"
EndProject
Global
	GlobalSection(SolutionConfigurationPlatforms) = preSolution
		Debug|Any CPU = Debug|Any CPU
		Release|Any CPU = Release|Any CPU
	EndGlobalSection
	GlobalSection(ProjectConfigurationPlatforms) = postSolution
		{10D15DE4-7AAB-466B-9B3E-42FD86214292}.Debug|Any CPU.ActiveCfg = Debug|Any CPU
		{10D15DE4-7AAB-466B-9B3E-42FD86214292}.Debug|Any CPU.Build.0 = Debug|Any CPU
		{10D15DE4-7AAB-466B-9B3E-42FD86214292}.Release|Any CPU.ActiveCfg = Release|Any CPU
		{10D15DE4-7AAB-466B-9B3E-42FD86214292}.Release|Any CPU.Build.0 = Release|Any CPU
	EndGlobalSection
	GlobalSection(SolutionProperties) = preSolution
		HideSolutionNode = FALSE
	EndGlobalSection
	GlobalSection(ExtensibilityGlobals) = postSolution
		SolutionGuid = {2350B25F-7DC7-43FA-974F-A345E89DD137}
	EndGlobalSection
EndGlobal
